<?xml version="1.0" encoding="utf-8"?>
<Project ToolsVersion="4.0" xmlns="http://schemas.microsoft.com/developer/msbuild/2003">
  <ItemGroup>
    <Filter Include="Source Files">
      <UniqueIdentifier>{4FC737F1-C7A5-4376-A066-2A32D752A2FF}</UniqueIdentifier>
      <Extensions>cpp;c;cc;cxx;def;odl;idl;hpj;bat;asm;asmx</Extensions>
    </Filter>
    <Filter Include="Header Files">
      <UniqueIdentifier>{93995380-89BD-4b04-88EB-625FBE52EBFB}</UniqueIdentifier>
      <Extensions>h;hpp;hxx;hm;inl;inc;xsd</Extensions>
    </Filter>
    <Filter Include="Resource Files">
      <UniqueIdentifier>{67DA6AB6-F800-4c08-8B7A-83BB121AAD01}</UniqueIdentifier>
      <Extensions>rc;ico;cur;bmp;dlg;rc2;rct;bin;rgs;gif;jpg;jpeg;jpe;resx;tiff;tif;png;wav;mfcribbon-ms</Extensions>
    </Filter>
  </ItemGroup>
  <ItemGroup>
    <None Include="changelog.txt" />
    <None Include="license.txt" />
    <None Include="all.trees">
      <Filter>Resource Files</Filter>
    </None>
  </ItemGroup>
  <ItemGroup>
    <ClInclude Include="default_trees.h">
      <Filter>Header Files</Filter>
    </ClInclude>
    <ClInclude Include="dump_graph.h">
      <Filter>Header Files</Filter>
    </ClInclude>
    <ClInclude Include="fidtrack120.h">
      <Filter>Header Files</Filter>
    </ClInclude>
    <ClInclude Include="fidtrackX.h">
      <Filter>Header Files</Filter>
    </ClInclude>
    <ClInclude Include="floatpoint.h">
      <Filter>Header Files</Filter>
    </ClInclude>
    <ClInclude Include="segment.h">
      <Filter>Header Files</Filter>
    </ClInclude>
    <ClInclude Include="threshold.h">
      <Filter>Header Files</Filter>
    </ClInclude>
    <ClInclude Include="tiled_bernsen_threshold.h">
      <Filter>Header Files</Filter>
    </ClInclude>
    <ClInclude Include="topologysearch.h">
      <Filter>Header Files</Filter>
    </ClInclude>
    <ClInclude Include="treeidmap.h">
      <Filter>Header Files</Filter>
    </ClInclude>
  </ItemGroup>
  <ItemGroup>
    <ClCompile Include="dump_graph.c">
      <Filter>Source Files</Filter>
    </ClCompile>
    <ClCompile Include="fidtrack120.c">
      <Filter>Source Files</Filter>
    </ClCompile>
    <ClCompile Include="fidtrackX.c">
      <Filter>Source Files</Filter>
    </ClCompile>
    <ClCompile Include="segment.c">
      <Filter>Source Files</Filter>
    </ClCompile>
    <ClCompile Include="threshold.c">
      <Filter>Source Files</Filter>
    </ClCompile>
    <ClCompile Include="tiled_bernsen_threshold.c">
      <Filter>Source Files</Filter>
    </ClCompile>
    <ClCompile Include="topologysearch.c">
      <Filter>Source Files</Filter>
    </ClCompile>
    <ClCompile Include="treeidmap.cpp">
      <Filter>Source Files</Filter>
    </ClCompile>
  </ItemGroup>
</Project>